
Microsoft Visual Studio Solution File, Format Version 12.00
# Visual Studio Version 17
VisualStudioVersion = 17.11.35222.181
MinimumVisualStudioVersion = 10.0.40219.1
Project("{9A19103F-16F7-4668-BE54-9A1E7A4F7556}") = "Lab2WPF", "Lab1WPF\Lab2WPF.csproj", "{BCCC8973-C995-4007-922C-D8895273EE7C}"
EndProject
Global
	GlobalSection(SolutionConfigurationPlatforms) = preSolution
		Debug|Any CPU = Debug|Any CPU
		Release|Any CPU = Release|Any CPU
	EndGlobalSection
	GlobalSection(ProjectConfigurationPlatforms) = postSolution
		{BCCC8973-C995-4007-922C-D8895273EE7C}.Debug|Any CPU.ActiveCfg = Debug|Any CPU
		{BCCC8973-C995-4007-922C-D8895273EE7C}.Debug|Any CPU.Build.0 = Debug|Any CPU
		{BCCC8973-C995-4007-922C-D8895273EE7C}.Release|Any CPU.ActiveCfg = Release|Any CPU
		{BCCC8973-C995-4007-922C-D8895273EE7C}.Release|Any CPU.Build.0 = Release|Any CPU
	EndGlobalSection
	GlobalSection(SolutionProperties) = preSolution
		HideSolutionNode = FALSE
	EndGlobalSection
	GlobalSection(ExtensibilityGlobals) = postSolution
		SolutionGuid = {1BF67F11-72B2-42E0-A1D1-D0142FD0BD8A}
	EndGlobalSection
EndGlobal
